
Microsoft Visual Studio Solution File, Format Version 12.00
# Visual Studio Version 17
VisualStudioVersion = 17.9.34607.119
MinimumVisualStudioVersion = 10.0.40219.1
Project("{FAE04EC0-301F-11D3-BF4B-00C04F79EFBC}") = "ConsoleApp2", "ConsoleApp2\ConsoleApp2.csproj", "{10C9A230-15F6-4BF1-B18E-ABD51638B110}"
EndProject
Global
	GlobalSection(SolutionConfigurationPlatforms) = preSolution
		Debug|Any CPU = Debug|Any CPU
		Release|Any CPU = Release|Any CPU
	EndGlobalSection
	GlobalSection(ProjectConfigurationPlatforms) = postSolution
		{10C9A230-15F6-4BF1-B18E-ABD51638B110}.Debug|Any CPU.ActiveCfg = Debug|Any CPU
		{10C9A230-15F6-4BF1-B18E-ABD51638B110}.Debug|Any CPU.Build.0 = Debug|Any CPU
		{10C9A230-15F6-4BF1-B18E-ABD51638B110}.Release|Any CPU.ActiveCfg = Release|Any CPU
		{10C9A230-15F6-4BF1-B18E-ABD51638B110}.Release|Any CPU.Build.0 = Release|Any CPU
	EndGlobalSection
	GlobalSection(SolutionProperties) = preSolution
		HideSolutionNode = FALSE
	EndGlobalSection
	GlobalSection(ExtensibilityGlobals) = postSolution
		SolutionGuid = {09F13894-006D-43C4-8D74-1FAF120C2438}
	EndGlobalSection
EndGlobal
